
Microsoft Visual Studio Solution File, Format Version 12.00
# Visual Studio 15
VisualStudioVersion = 15.0.27130.2010
MinimumVisualStudioVersion = 10.0.40219.1
Project("{FAE04EC0-301F-11D3-BF4B-00C04F79EFBC}") = "XamarinFormsAPP.Android", "XamarinFormsAPP\XamarinFormsAPP.Android\XamarinFormsAPP.Android.csproj", "{0DA4BC0A-1FBF-49AC-B615-2DB557E2F320}"
EndProject
Project("{FAE04EC0-301F-11D3-BF4B-00C04F79EFBC}") = "XamarinFormsAPP.iOS", "XamarinFormsAPP\XamarinFormsAPP.iOS\XamarinFormsAPP.iOS.csproj", "{49ABD798-E7B7-4D68-AD4F-59548A8C3DBE}"
EndProject
Project("{FAE04EC0-301F-11D3-BF4B-00C04F79EFBC}") = "XamarinFormsAPP.UWP", "XamarinFormsAPP\XamarinFormsAPP.UWP\XamarinFormsAPP.UWP.csproj", "{13AB4853-A7CF-433D-98A9-28D9ACFE70C7}"
EndProject
Project("{D954291E-2A0B-460D-934E-DC6B0785DB48}") = "XamarinFormsAPP", "XamarinFormsAPP\XamarinFormsAPP\XamarinFormsAPP.shproj", "{6135D7A6-8BFF-4061-A0DA-1B2EFA61D338}"
EndProject
Project("{FAE04EC0-301F-11D3-BF4B-00C04F79EFBC}") = "XamarinGraphQLUITest", "XamarinGraphQLUITest\XamarinGraphQLUITest.csproj", "{3D37B5BA-C044-48A4-B814-646D1446DEC6}"
EndProject
Global
	GlobalSection(SharedMSBuildProjectFiles) = preSolution
		XamarinFormsAPP\XamarinFormsAPP\XamarinFormsAPP.projitems*{0da4bc0a-1fbf-49ac-b615-2db557e2f320}*SharedItemsImports = 4
		XamarinFormsAPP\XamarinFormsAPP\XamarinFormsAPP.projitems*{13ab4853-a7cf-433d-98a9-28d9acfe70c7}*SharedItemsImports = 4
		XamarinFormsAPP\XamarinFormsAPP\XamarinFormsAPP.projitems*{49abd798-e7b7-4d68-ad4f-59548a8c3dbe}*SharedItemsImports = 4
		XamarinFormsAPP\XamarinFormsAPP\XamarinFormsAPP.projitems*{6135d7a6-8bff-4061-a0da-1b2efa61d338}*SharedItemsImports = 13
	EndGlobalSection
	GlobalSection(SolutionConfigurationPlatforms) = preSolution
		Ad-Hoc|Any CPU = Ad-Hoc|Any CPU
		Ad-Hoc|ARM = Ad-Hoc|ARM
		Ad-Hoc|iPhone = Ad-Hoc|iPhone
		Ad-Hoc|iPhoneSimulator = Ad-Hoc|iPhoneSimulator
		Ad-Hoc|x64 = Ad-Hoc|x64
		Ad-Hoc|x86 = Ad-Hoc|x86
		AppStore|Any CPU = AppStore|Any CPU
		AppStore|ARM = AppStore|ARM
		AppStore|iPhone = AppStore|iPhone
		AppStore|iPhoneSimulator = AppStore|iPhoneSimulator
		AppStore|x64 = AppStore|x64
		AppStore|x86 = AppStore|x86
		Debug|Any CPU = Debug|Any CPU
		Debug|ARM = Debug|ARM
		Debug|iPhone = Debug|iPhone
		Debug|iPhoneSimulator = Debug|iPhoneSimulator
		Debug|x64 = Debug|x64
		Debug|x86 = Debug|x86
		Release|Any CPU = Release|Any CPU
		Release|ARM = Release|ARM
		Release|iPhone = Release|iPhone
		Release|iPhoneSimulator = Release|iPhoneSimulator
		Release|x64 = Release|x64
		Release|x86 = Release|x86
	EndGlobalSection
	GlobalSection(ProjectConfigurationPlatforms) = postSolution
		{0DA4BC0A-1FBF-49AC-B615-2DB557E2F320}.Ad-Hoc|Any CPU.ActiveCfg = Release|Any CPU
		{0DA4BC0A-1FBF-49AC-B615-2DB557E2F320}.Ad-Hoc|Any CPU.Build.0 = Release|Any CPU
		{0DA4BC0A-1FBF-49AC-B615-2DB557E2F320}.Ad-Hoc|Any CPU.Deploy.0 = Release|Any CPU
		{0DA4BC0A-1FBF-49AC-B615-2DB557E2F320}.Ad-Hoc|ARM.ActiveCfg = Release|Any CPU
		{0DA4BC0A-1FBF-49AC-B615-2DB557E2F320}.Ad-Hoc|ARM.Build.0 = Release|Any CPU
		{0DA4BC0A-1FBF-49AC-B615-2DB557E2F320}.Ad-Hoc|ARM.Deploy.0 = Release|Any CPU
		{0DA4BC0A-1FBF-49AC-B615-2DB557E2F320}.Ad-Hoc|iPhone.ActiveCfg = Release|Any CPU
		{0DA4BC0A-1FBF-49AC-B615-2DB557E2F320}.Ad-Hoc|iPhone.Build.0 = Release|Any CPU
		{0DA4BC0A-1FBF-49AC-B615-2DB557E2F320}.Ad-Hoc|iPhone.Deploy.0 = Release|Any CPU
		{0DA4BC0A-1FBF-49AC-B615-2DB557E2F320}.Ad-Hoc|iPhoneSimulator.ActiveCfg = Release|Any CPU
		{0DA4BC0A-1FBF-49AC-B615-2DB557E2F320}.Ad-Hoc|iPhoneSimulator.Build.0 = Release|Any CPU
		{0DA4BC0A-1FBF-49AC-B615-2DB557E2F320}.Ad-Hoc|iPhoneSimulator.Deploy.0 = Release|Any CPU
		{0DA4BC0A-1FBF-49AC-B615-2DB557E2F320}.Ad-Hoc|x64.ActiveCfg = Release|Any CPU
		{0DA4BC0A-1FBF-49AC-B615-2DB557E2F320}.Ad-Hoc|x64.Build.0 = Release|Any CPU
		{0DA4BC0A-1FBF-49AC-B615-2DB557E2F320}.Ad-Hoc|x64.Deploy.0 = Release|Any CPU
		{0DA4BC0A-1FBF-49AC-B615-2DB557E2F320}.Ad-Hoc|x86.ActiveCfg = Release|Any CPU
		{0DA4BC0A-1FBF-49AC-B615-2DB557E2F320}.Ad-Hoc|x86.Build.0 = Release|Any CPU
		{0DA4BC0A-1FBF-49AC-B615-2DB557E2F320}.Ad-Hoc|x86.Deploy.0 = Release|Any CPU
		{0DA4BC0A-1FBF-49AC-B615-2DB557E2F320}.AppStore|Any CPU.ActiveCfg = Release|Any CPU
		{0DA4BC0A-1FBF-49AC-B615-2DB557E2F320}.AppStore|Any CPU.Build.0 = Release|Any CPU
		{0DA4BC0A-1FBF-49AC-B615-2DB557E2F320}.AppStore|Any CPU.Deploy.0 = Release|Any CPU
		{0DA4BC0A-1FBF-49AC-B615-2DB557E2F320}.AppStore|ARM.ActiveCfg = Release|Any CPU
		{0DA4BC0A-1FBF-49AC-B615-2DB557E2F320}.AppStore|ARM.Build.0 = Release|Any CPU
		{0DA4BC0A-1FBF-49AC-B615-2DB557E2F320}.AppStore|ARM.Deploy.0 = Release|Any CPU
		{0DA4BC0A-1FBF-49AC-B615-2DB557E2F320}.AppStore|iPhone.ActiveCfg = Release|Any CPU
		{0DA4BC0A-1FBF-49AC-B615-2DB557E2F320}.AppStore|iPhone.Build.0 = Release|Any CPU
		{0DA4BC0A-1FBF-49AC-B615-2DB557E2F320}.AppStore|iPhone.Deploy.0 = Release|Any CPU
		{0DA4BC0A-1FBF-49AC-B615-2DB557E2F320}.AppStore|iPhoneSimulator.ActiveCfg = Release|Any CPU
		{0DA4BC0A-1FBF-49AC-B615-2DB557E2F320}.AppStore|iPhoneSimulator.Build.0 = Release|Any CPU
		{0DA4BC0A-1FBF-49AC-B615-2DB557E2F320}.AppStore|iPhoneSimulator.Deploy.0 = Release|Any CPU
		{0DA4BC0A-1FBF-49AC-B615-2DB557E2F320}.AppStore|x64.ActiveCfg = Release|Any CPU
		{0DA4BC0A-1FBF-49AC-B615-2DB557E2F320}.AppStore|x64.Build.0 = Release|Any CPU
		{0DA4BC0A-1FBF-49AC-B615-2DB557E2F320}.AppStore|x64.Deploy.0 = Release|Any CPU
		{0DA4BC0A-1FBF-49AC-B615-2DB557E2F320}.AppStore|x86.ActiveCfg = Release|Any CPU
		{0DA4BC0A-1FBF-49AC-B615-2DB557E2F320}.AppStore|x86.Build.0 = Release|Any CPU
		{0DA4BC0A-1FBF-49AC-B615-2DB557E2F320}.AppStore|x86.Deploy.0 = Release|Any CPU
		{0DA4BC0A-1FBF-49AC-B615-2DB557E2F320}.Debug|Any CPU.ActiveCfg = Debug|Any CPU
		{0DA4BC0A-1FBF-49AC-B615-2DB557E2F320}.Debug|Any CPU.Build.0 = Debug|Any CPU
		{0DA4BC0A-1FBF-49AC-B615-2DB557E2F320}.Debug|Any CPU.Deploy.0 = Debug|Any CPU
		{0DA4BC0A-1FBF-49AC-B615-2DB557E2F320}.Debug|ARM.ActiveCfg = Debug|Any CPU
		{0DA4BC0A-1FBF-49AC-B615-2DB557E2F320}.Debug|ARM.Build.0 = Debug|Any CPU
		{0DA4BC0A-1FBF-49AC-B615-2DB557E2F320}.Debug|ARM.Deploy.0 = Debug|Any CPU
		{0DA4BC0A-1FBF-49AC-B615-2DB557E2F320}.Debug|iPhone.ActiveCfg = Debug|Any CPU
		{0DA4BC0A-1FBF-49AC-B615-2DB557E2F320}.Debug|iPhone.Build.0 = Debug|Any CPU
		{0DA4BC0A-1FBF-49AC-B615-2DB557E2F320}.Debug|iPhone.Deploy.0 = Debug|Any CPU
		{0DA4BC0A-1FBF-49AC-B615-2DB557E2F320}.Debug|iPhoneSimulator.ActiveCfg = Debug|Any CPU
		{0DA4BC0A-1FBF-49AC-B615-2DB557E2F320}.Debug|iPhoneSimulator.Build.0 = Debug|Any CPU
		{0DA4BC0A-1FBF-49AC-B615-2DB557E2F320}.Debug|iPhoneSimulator.Deploy.0 = Debug|Any CPU
		{0DA4BC0A-1FBF-49AC-B615-2DB557E2F320}.Debug|x64.ActiveCfg = Debug|Any CPU
		{0DA4BC0A-1FBF-49AC-B615-2DB557E2F320}.Debug|x64.Build.0 = Debug|Any CPU
		{0DA4BC0A-1FBF-49AC-B615-2DB557E2F320}.Debug|x64.Deploy.0 = Debug|Any CPU
		{0DA4BC0A-1FBF-49AC-B615-2DB557E2F320}.Debug|x86.ActiveCfg = Debug|Any CPU
		{0DA4BC0A-1FBF-49AC-B615-2DB557E2F320}.Debug|x86.Build.0 = Debug|Any CPU
		{0DA4BC0A-1FBF-49AC-B615-2DB557E2F320}.Debug|x86.Deploy.0 = Debug|Any CPU
		{0DA4BC0A-1FBF-49AC-B615-2DB557E2F320}.Release|Any CPU.ActiveCfg = Release|Any CPU
		{0DA4BC0A-1FBF-49AC-B615-2DB557E2F320}.Release|Any CPU.Build.0 = Release|Any CPU
		{0DA4BC0A-1FBF-49AC-B615-2DB557E2F320}.Release|Any CPU.Deploy.0 = Release|Any CPU
		{0DA4BC0A-1FBF-49AC-B615-2DB557E2F320}.Release|ARM.ActiveCfg = Release|Any CPU
		{0DA4BC0A-1FBF-49AC-B615-2DB557E2F320}.Release|ARM.Build.0 = Release|Any CPU
		{0DA4BC0A-1FBF-49AC-B615-2DB557E2F320}.Release|ARM.Deploy.0 = Release|Any CPU
		{0DA4BC0A-1FBF-49AC-B615-2DB557E2F320}.Release|iPhone.ActiveCfg = Release|Any CPU
		{0DA4BC0A-1FBF-49AC-B615-2DB557E2F320}.Release|iPhone.Build.0 = Release|Any CPU
		{0DA4BC0A-1FBF-49AC-B615-2DB557E2F320}.Release|iPhone.Deploy.0 = Release|Any CPU
		{0DA4BC0A-1FBF-49AC-B615-2DB557E2F320}.Release|iPhoneSimulator.ActiveCfg = Release|Any CPU
		{0DA4BC0A-1FBF-49AC-B615-2DB557E2F320}.Release|iPhoneSimulator.Build.0 = Release|Any CPU
		{0DA4BC0A-1FBF-49AC-B615-2DB557E2F320}.Release|iPhoneSimulator.Deploy.0 = Release|Any CPU
		{0DA4BC0A-1FBF-49AC-B615-2DB557E2F320}.Release|x64.ActiveCfg = Release|Any CPU
		{0DA4BC0A-1FBF-49AC-B615-2DB557E2F320}.Release|x64.Build.0 = Release|Any CPU
		{0DA4BC0A-1FBF-49AC-B615-2DB557E2F320}.Release|x64.Deploy.0 = Release|Any CPU
		{0DA4BC0A-1FBF-49AC-B615-2DB557E2F320}.Release|x86.ActiveCfg = Release|Any CPU
		{0DA4BC0A-1FBF-49AC-B615-2DB557E2F320}.Release|x86.Build.0 = Release|Any CPU
		{0DA4BC0A-1FBF-49AC-B615-2DB557E2F320}.Release|x86.Deploy.0 = Release|Any CPU
		{49ABD798-E7B7-4D68-AD4F-59548A8C3DBE}.Ad-Hoc|Any CPU.ActiveCfg = Ad-Hoc|iPhone
		{49ABD798-E7B7-4D68-AD4F-59548A8C3DBE}.Ad-Hoc|ARM.ActiveCfg = Ad-Hoc|iPhone
		{49ABD798-E7B7-4D68-AD4F-59548A8C3DBE}.Ad-Hoc|iPhone.ActiveCfg = Ad-Hoc|iPhone
		{49ABD798-E7B7-4D68-AD4F-59548A8C3DBE}.Ad-Hoc|iPhone.Build.0 = Ad-Hoc|iPhone
		{49ABD798-E7B7-4D68-AD4F-59548A8C3DBE}.Ad-Hoc|iPhoneSimulator.ActiveCfg = Ad-Hoc|iPhoneSimulator
		{49ABD798-E7B7-4D68-AD4F-59548A8C3DBE}.Ad-Hoc|iPhoneSimulator.Build.0 = Ad-Hoc|iPhoneSimulator
		{49ABD798-E7B7-4D68-AD4F-59548A8C3DBE}.Ad-Hoc|x64.ActiveCfg = Ad-Hoc|iPhone
		{49ABD798-E7B7-4D68-AD4F-59548A8C3DBE}.Ad-Hoc|x86.ActiveCfg = Ad-Hoc|iPhone
		{49ABD798-E7B7-4D68-AD4F-59548A8C3DBE}.AppStore|Any CPU.ActiveCfg = AppStore|iPhone
		{49ABD798-E7B7-4D68-AD4F-59548A8C3DBE}.AppStore|ARM.ActiveCfg = AppStore|iPhone
		{49ABD798-E7B7-4D68-AD4F-59548A8C3DBE}.AppStore|iPhone.ActiveCfg = AppStore|iPhone
		{49ABD798-E7B7-4D68-AD4F-59548A8C3DBE}.AppStore|iPhone.Build.0 = AppStore|iPhone
		{49ABD798-E7B7-4D68-AD4F-59548A8C3DBE}.AppStore|iPhoneSimulator.ActiveCfg = AppStore|iPhoneSimulator
		{49ABD798-E7B7-4D68-AD4F-59548A8C3DBE}.AppStore|iPhoneSimulator.Build.0 = AppStore|iPhoneSimulator
		{49ABD798-E7B7-4D68-AD4F-59548A8C3DBE}.AppStore|x64.ActiveCfg = AppStore|iPhone
		{49ABD798-E7B7-4D68-AD4F-59548A8C3DBE}.AppStore|x86.ActiveCfg = AppStore|iPhone
		{49ABD798-E7B7-4D68-AD4F-59548A8C3DBE}.Debug|Any CPU.ActiveCfg = Debug|iPhone
		{49ABD798-E7B7-4D68-AD4F-59548A8C3DBE}.Debug|ARM.ActiveCfg = Debug|iPhone
		{49ABD798-E7B7-4D68-AD4F-59548A8C3DBE}.Debug|iPhone.ActiveCfg = Debug|iPhone
		{49ABD798-E7B7-4D68-AD4F-59548A8C3DBE}.Debug|iPhone.Build.0 = Debug|iPhone
		{49ABD798-E7B7-4D68-AD4F-59548A8C3DBE}.Debug|iPhoneSimulator.ActiveCfg = Debug|iPhoneSimulator
		{49ABD798-E7B7-4D68-AD4F-59548A8C3DBE}.Debug|iPhoneSimulator.Build.0 = Debug|iPhoneSimulator
		{49ABD798-E7B7-4D68-AD4F-59548A8C3DBE}.Debug|x64.ActiveCfg = Debug|iPhone
		{49ABD798-E7B7-4D68-AD4F-59548A8C3DBE}.Debug|x86.ActiveCfg = Debug|iPhone
		{49ABD798-E7B7-4D68-AD4F-59548A8C3DBE}.Release|Any CPU.ActiveCfg = Release|iPhone
		{49ABD798-E7B7-4D68-AD4F-59548A8C3DBE}.Release|ARM.ActiveCfg = Release|iPhone
		{49ABD798-E7B7-4D68-AD4F-59548A8C3DBE}.Release|iPhone.ActiveCfg = Release|iPhone
		{49ABD798-E7B7-4D68-AD4F-59548A8C3DBE}.Release|iPhone.Build.0 = Release|iPhone
		{49ABD798-E7B7-4D68-AD4F-59548A8C3DBE}.Release|iPhoneSimulator.ActiveCfg = Release|iPhoneSimulator
		{49ABD798-E7B7-4D68-AD4F-59548A8C3DBE}.Release|iPhoneSimulator.Build.0 = Release|iPhoneSimulator
		{49ABD798-E7B7-4D68-AD4F-59548A8C3DBE}.Release|x64.ActiveCfg = Release|iPhone
		{49ABD798-E7B7-4D68-AD4F-59548A8C3DBE}.Release|x86.ActiveCfg = Release|iPhone
		{13AB4853-A7CF-433D-98A9-28D9ACFE70C7}.Ad-Hoc|Any CPU.ActiveCfg = Release|x86
		{13AB4853-A7CF-433D-98A9-28D9ACFE70C7}.Ad-Hoc|Any CPU.Build.0 = Release|x86
		{13AB4853-A7CF-433D-98A9-28D9ACFE70C7}.Ad-Hoc|Any CPU.Deploy.0 = Release|x86
		{13AB4853-A7CF-433D-98A9-28D9ACFE70C7}.Ad-Hoc|ARM.ActiveCfg = Release|ARM
		{13AB4853-A7CF-433D-98A9-28D9ACFE70C7}.Ad-Hoc|ARM.Build.0 = Release|ARM
		{13AB4853-A7CF-433D-98A9-28D9ACFE70C7}.Ad-Hoc|ARM.Deploy.0 = Release|ARM
		{13AB4853-A7CF-433D-98A9-28D9ACFE70C7}.Ad-Hoc|iPhone.ActiveCfg = Release|x86
		{13AB4853-A7CF-433D-98A9-28D9ACFE70C7}.Ad-Hoc|iPhone.Build.0 = Release|x86
		{13AB4853-A7CF-433D-98A9-28D9ACFE70C7}.Ad-Hoc|iPhone.Deploy.0 = Release|x86
		{13AB4853-A7CF-433D-98A9-28D9ACFE70C7}.Ad-Hoc|iPhoneSimulator.ActiveCfg = Release|x86
		{13AB4853-A7CF-433D-98A9-28D9ACFE70C7}.Ad-Hoc|iPhoneSimulator.Build.0 = Release|x86
		{13AB4853-A7CF-433D-98A9-28D9ACFE70C7}.Ad-Hoc|iPhoneSimulator.Deploy.0 = Release|x86
		{13AB4853-A7CF-433D-98A9-28D9ACFE70C7}.Ad-Hoc|x64.ActiveCfg = Release|x64
		{13AB4853-A7CF-433D-98A9-28D9ACFE70C7}.Ad-Hoc|x64.Build.0 = Release|x64
		{13AB4853-A7CF-433D-98A9-28D9ACFE70C7}.Ad-Hoc|x64.Deploy.0 = Release|x64
		{13AB4853-A7CF-433D-98A9-28D9ACFE70C7}.Ad-Hoc|x86.ActiveCfg = Release|x86
		{13AB4853-A7CF-433D-98A9-28D9ACFE70C7}.Ad-Hoc|x86.Build.0 = Release|x86
		{13AB4853-A7CF-433D-98A9-28D9ACFE70C7}.Ad-Hoc|x86.Deploy.0 = Release|x86
		{13AB4853-A7CF-433D-98A9-28D9ACFE70C7}.AppStore|Any CPU.ActiveCfg = Release|x86
		{13AB4853-A7CF-433D-98A9-28D9ACFE70C7}.AppStore|Any CPU.Build.0 = Release|x86
		{13AB4853-A7CF-433D-98A9-28D9ACFE70C7}.AppStore|Any CPU.Deploy.0 = Release|x86
		{13AB4853-A7CF-433D-98A9-28D9ACFE70C7}.AppStore|ARM.ActiveCfg = Release|ARM
		{13AB4853-A7CF-433D-98A9-28D9ACFE70C7}.AppStore|ARM.Build.0 = Release|ARM
		{13AB4853-A7CF-433D-98A9-28D9ACFE70C7}.AppStore|ARM.Deploy.0 = Release|ARM
		{13AB4853-A7CF-433D-98A9-28D9ACFE70C7}.AppStore|iPhone.ActiveCfg = Release|x86
		{13AB4853-A7CF-433D-98A9-28D9ACFE70C7}.AppStore|iPhone.Build.0 = Release|x86
		{13AB4853-A7CF-433D-98A9-28D9ACFE70C7}.AppStore|iPhone.Deploy.0 = Release|x86
		{13AB4853-A7CF-433D-98A9-28D9ACFE70C7}.AppStore|iPhoneSimulator.ActiveCfg = Release|x86
		{13AB4853-A7CF-433D-98A9-28D9ACFE70C7}.AppStore|iPhoneSimulator.Build.0 = Release|x86
		{13AB4853-A7CF-433D-98A9-28D9ACFE70C7}.AppStore|iPhoneSimulator.Deploy.0 = Release|x86
		{13AB4853-A7CF-433D-98A9-28D9ACFE70C7}.AppStore|x64.ActiveCfg = Release|x64
		{13AB4853-A7CF-433D-98A9-28D9ACFE70C7}.AppStore|x64.Build.0 = Release|x64
		{13AB4853-A7CF-433D-98A9-28D9ACFE70C7}.AppStore|x64.Deploy.0 = Release|x64
		{13AB4853-A7CF-433D-98A9-28D9ACFE70C7}.AppStore|x86.ActiveCfg = Release|x86
		{13AB4853-A7CF-433D-98A9-28D9ACFE70C7}.AppStore|x86.Build.0 = Release|x86
		{13AB4853-A7CF-433D-98A9-28D9ACFE70C7}.AppStore|x86.Deploy.0 = Release|x86
		{13AB4853-A7CF-433D-98A9-28D9ACFE70C7}.Debug|Any CPU.ActiveCfg = Debug|x86
		{13AB4853-A7CF-433D-98A9-28D9ACFE70C7}.Debug|ARM.ActiveCfg = Debug|ARM
		{13AB4853-A7CF-433D-98A9-28D9ACFE70C7}.Debug|ARM.Build.0 = Debug|ARM
		{13AB4853-A7CF-433D-98A9-28D9ACFE70C7}.Debug|ARM.Deploy.0 = Debug|ARM
		{13AB4853-A7CF-433D-98A9-28D9ACFE70C7}.Debug|iPhone.ActiveCfg = Debug|x86
		{13AB4853-A7CF-433D-98A9-28D9ACFE70C7}.Debug|iPhoneSimulator.ActiveCfg = Debug|x86
		{13AB4853-A7CF-433D-98A9-28D9ACFE70C7}.Debug|x64.ActiveCfg = Debug|x64
		{13AB4853-A7CF-433D-98A9-28D9ACFE70C7}.Debug|x64.Build.0 = Debug|x64
		{13AB4853-A7CF-433D-98A9-28D9ACFE70C7}.Debug|x64.Deploy.0 = Debug|x64
		{13AB4853-A7CF-433D-98A9-28D9ACFE70C7}.Debug|x86.ActiveCfg = Debug|x86
		{13AB4853-A7CF-433D-98A9-28D9ACFE70C7}.Debug|x86.Build.0 = Debug|x86
		{13AB4853-A7CF-433D-98A9-28D9ACFE70C7}.Debug|x86.Deploy.0 = Debug|x86
		{13AB4853-A7CF-433D-98A9-28D9ACFE70C7}.Release|Any CPU.ActiveCfg = Release|x86
		{13AB4853-A7CF-433D-98A9-28D9ACFE70C7}.Release|ARM.ActiveCfg = Release|ARM
		{13AB4853-A7CF-433D-98A9-28D9ACFE70C7}.Release|ARM.Build.0 = Release|ARM
		{13AB4853-A7CF-433D-98A9-28D9ACFE70C7}.Release|ARM.Deploy.0 = Release|ARM
		{13AB4853-A7CF-433D-98A9-28D9ACFE70C7}.Release|iPhone.ActiveCfg = Release|x86
		{13AB4853-A7CF-433D-98A9-28D9ACFE70C7}.Release|iPhoneSimulator.ActiveCfg = Release|x86
		{13AB4853-A7CF-433D-98A9-28D9ACFE70C7}.Release|x64.ActiveCfg = Release|x64
		{13AB4853-A7CF-433D-98A9-28D9ACFE70C7}.Release|x64.Build.0 = Release|x64
		{13AB4853-A7CF-433D-98A9-28D9ACFE70C7}.Release|x64.Deploy.0 = Release|x64
		{13AB4853-A7CF-433D-98A9-28D9ACFE70C7}.Release|x86.ActiveCfg = Release|x86
		{13AB4853-A7CF-433D-98A9-28D9ACFE70C7}.Release|x86.Build.0 = Release|x86
		{13AB4853-A7CF-433D-98A9-28D9ACFE70C7}.Release|x86.Deploy.0 = Release|x86
		{3D37B5BA-C044-48A4-B814-646D1446DEC6}.Ad-Hoc|Any CPU.ActiveCfg = Release|Any CPU
		{3D37B5BA-C044-48A4-B814-646D1446DEC6}.Ad-Hoc|Any CPU.Build.0 = Release|Any CPU
		{3D37B5BA-C044-48A4-B814-646D1446DEC6}.Ad-Hoc|ARM.ActiveCfg = Release|Any CPU
		{3D37B5BA-C044-48A4-B814-646D1446DEC6}.Ad-Hoc|ARM.Build.0 = Release|Any CPU
		{3D37B5BA-C044-48A4-B814-646D1446DEC6}.Ad-Hoc|iPhone.ActiveCfg = Release|Any CPU
		{3D37B5BA-C044-48A4-B814-646D1446DEC6}.Ad-Hoc|iPhone.Build.0 = Release|Any CPU
		{3D37B5BA-C044-48A4-B814-646D1446DEC6}.Ad-Hoc|iPhoneSimulator.ActiveCfg = Release|Any CPU
		{3D37B5BA-C044-48A4-B814-646D1446DEC6}.Ad-Hoc|iPhoneSimulator.Build.0 = Release|Any CPU
		{3D37B5BA-C044-48A4-B814-646D1446DEC6}.Ad-Hoc|x64.ActiveCfg = Release|Any CPU
		{3D37B5BA-C044-48A4-B814-646D1446DEC6}.Ad-Hoc|x64.Build.0 = Release|Any CPU
		{3D37B5BA-C044-48A4-B814-646D1446DEC6}.Ad-Hoc|x86.ActiveCfg = Release|Any CPU
		{3D37B5BA-C044-48A4-B814-646D1446DEC6}.Ad-Hoc|x86.Build.0 = Release|Any CPU
		{3D37B5BA-C044-48A4-B814-646D1446DEC6}.AppStore|Any CPU.ActiveCfg = Release|Any CPU
		{3D37B5BA-C044-48A4-B814-646D1446DEC6}.AppStore|Any CPU.Build.0 = Release|Any CPU
		{3D37B5BA-C044-48A4-B814-646D1446DEC6}.AppStore|ARM.ActiveCfg = Release|Any CPU
		{3D37B5BA-C044-48A4-B814-646D1446DEC6}.AppStore|ARM.Build.0 = Release|Any CPU
		{3D37B5BA-C044-48A4-B814-646D1446DEC6}.AppStore|iPhone.ActiveCfg = Release|Any CPU
		{3D37B5BA-C044-48A4-B814-646D1446DEC6}.AppStore|iPhone.Build.0 = Release|Any CPU
		{3D37B5BA-C044-48A4-B814-646D1446DEC6}.AppStore|iPhoneSimulator.ActiveCfg = Release|Any CPU
		{3D37B5BA-C044-48A4-B814-646D1446DEC6}.AppStore|iPhoneSimulator.Build.0 = Release|Any CPU
		{3D37B5BA-C044-48A4-B814-646D1446DEC6}.AppStore|x64.ActiveCfg = Release|Any CPU
		{3D37B5BA-C044-48A4-B814-646D1446DEC6}.AppStore|x64.Build.0 = Release|Any CPU
		{3D37B5BA-C044-48A4-B814-646D1446DEC6}.AppStore|x86.ActiveCfg = Release|Any CPU
		{3D37B5BA-C044-48A4-B814-646D1446DEC6}.AppStore|x86.Build.0 = Release|Any CPU
		{3D37B5BA-C044-48A4-B814-646D1446DEC6}.Debug|Any CPU.ActiveCfg = Debug|Any CPU
		{3D37B5BA-C044-48A4-B814-646D1446DEC6}.Debug|Any CPU.Build.0 = Debug|Any CPU
		{3D37B5BA-C044-48A4-B814-646D1446DEC6}.Debug|ARM.ActiveCfg = Debug|Any CPU
		{3D37B5BA-C044-48A4-B814-646D1446DEC6}.Debug|ARM.Build.0 = Debug|Any CPU
		{3D37B5BA-C044-48A4-B814-646D1446DEC6}.Debug|iPhone.ActiveCfg = Debug|Any CPU
		{3D37B5BA-C044-48A4-B814-646D1446DEC6}.Debug|iPhone.Build.0 = Debug|Any CPU
		{3D37B5BA-C044-48A4-B814-646D1446DEC6}.Debug|iPhoneSimulator.ActiveCfg = Debug|Any CPU
		{3D37B5BA-C044-48A4-B814-646D1446DEC6}.Debug|iPhoneSimulator.Build.0 = Debug|Any CPU
		{3D37B5BA-C044-48A4-B814-646D1446DEC6}.Debug|x64.ActiveCfg = Debug|Any CPU
		{3D37B5BA-C044-48A4-B814-646D1446DEC6}.Debug|x64.Build.0 = Debug|Any CPU
		{3D37B5BA-C044-48A4-B814-646D1446DEC6}.Debug|x86.ActiveCfg = Debug|Any CPU
		{3D37B5BA-C044-48A4-B814-646D1446DEC6}.Debug|x86.Build.0 = Debug|Any CPU
		{3D37B5BA-C044-48A4-B814-646D1446DEC6}.Release|Any CPU.ActiveCfg = Release|Any CPU
		{3D37B5BA-C044-48A4-B814-646D1446DEC6}.Release|Any CPU.Build.0 = Release|Any CPU
		{3D37B5BA-C044-48A4-B814-646D1446DEC6}.Release|ARM.ActiveCfg = Release|Any CPU
		{3D37B5BA-C044-48A4-B814-646D1446DEC6}.Release|ARM.Build.0 = Release|Any CPU
		{3D37B5BA-C044-48A4-B814-646D1446DEC6}.Release|iPhone.ActiveCfg = Release|Any CPU
		{3D37B5BA-C044-48A4-B814-646D1446DEC6}.Release|iPhone.Build.0 = Release|Any CPU
		{3D37B5BA-C044-48A4-B814-646D1446DEC6}.Release|iPhoneSimulator.ActiveCfg = Release|Any CPU
		{3D37B5BA-C044-48A4-B814-646D1446DEC6}.Release|iPhoneSimulator.Build.0 = Release|Any CPU
		{3D37B5BA-C044-48A4-B814-646D1446DEC6}.Release|x64.ActiveCfg = Release|Any CPU
		{3D37B5BA-C044-48A4-B814-646D1446DEC6}.Release|x64.Build.0 = Release|Any CPU
		{3D37B5BA-C044-48A4-B814-646D1446DEC6}.Release|x86.ActiveCfg = Release|Any CPU
		{3D37B5BA-C044-48A4-B814-646D1446DEC6}.Release|x86.Build.0 = Release|Any CPU
	EndGlobalSection
	GlobalSection(SolutionProperties) = preSolution
		HideSolutionNode = FALSE
	EndGlobalSection
	GlobalSection(ExtensibilityGlobals) = postSolution
		SolutionGuid = {40E1E759-1813-4464-820D-D307E777268D}
	EndGlobalSection
EndGlobal
